
Microsoft Visual Studio Solution File, Format Version 12.00
# Visual Studio Version 16
VisualStudioVersion = 16.0.30002.166
MinimumVisualStudioVersion = 10.0.40219.1
Project("{FAE04EC0-301F-11D3-BF4B-00C04F79EFBC}") = "ClinkedInJk", "ClinkedInJk\ClinkedInJk.csproj", "{7EF170AB-3092-4851-9EFA-F5A22A45ED99}"
EndProject
Global
	GlobalSection(SolutionConfigurationPlatforms) = preSolution
		Debug|Any CPU = Debug|Any CPU
		Release|Any CPU = Release|Any CPU
	EndGlobalSection
	GlobalSection(ProjectConfigurationPlatforms) = postSolution
		{7EF170AB-3092-4851-9EFA-F5A22A45ED99}.Debug|Any CPU.ActiveCfg = Debug|Any CPU
		{7EF170AB-3092-4851-9EFA-F5A22A45ED99}.Debug|Any CPU.Build.0 = Debug|Any CPU
		{7EF170AB-3092-4851-9EFA-F5A22A45ED99}.Release|Any CPU.ActiveCfg = Release|Any CPU
		{7EF170AB-3092-4851-9EFA-F5A22A45ED99}.Release|Any CPU.Build.0 = Release|Any CPU
	EndGlobalSection
	GlobalSection(SolutionProperties) = preSolution
		HideSolutionNode = FALSE
	EndGlobalSection
	GlobalSection(ExtensibilityGlobals) = postSolution
		SolutionGuid = {CD41A414-ADEB-4860-BFD8-AEE9E0C6005F}
	EndGlobalSection
EndGlobal
